{
  "name": "uView_template_1.8.5",
  "lockfileVersion": 2,
  "requires": true,
  "packages": {
    "": {
      "dependencies": {
        "uni-read-pages": "^1.0.5",
        "uni-simple-router": "^2.0.8-beta.3"
      },
      "devDependencies": {
        "@types/html5plus": "^1.0.2",
        "@types/uni-app": "^1.4.4"
      }
    },
    "node_modules/@types/html5plus": {
      "version": "1.0.2",
      "resolved": "https://registry.npmmirror.com/@types/html5plus/-/html5plus-1.0.2.tgz",
      "integrity": "sha512-OklP5lrmLq8/6TUOLgWc0LndUVvAiTWX5dnyoCFhIUtFW9opWsnCtG/UxPgeuC28Rv2XNbFfft/hEEI39P/4Ag==",
      "dev": true
    },
    "node_modules/@types/uni-app": {
      "version": "1.4.4",
      "resolved": "https://registry.npmmirror.com/@types/uni-app/-/uni-app-1.4.4.tgz",
      "integrity": "sha512-ZTXnrCTblZyoLIoKbTv1Whz1nxrTcM7vg0qGXzDpXP8m9MqdjKt48N3FffQT1IsJWNkxbvJ1Eg5UHDaq+k+oBQ==",
      "dev": true,
      "dependencies": {
        "vue": "^2.6.8"
      }
    },
    "node_modules/uni-read-pages": {
      "version": "1.0.5",
      "resolved": "https://registry.npmmirror.com/uni-read-pages/-/uni-read-pages-1.0.5.tgz",
      "integrity": "sha512-GkrrZ0LX0vn9R5k6RKEi0Ez3Q3e2vUpjXQ8Z6/K/d28KudI9ajqgt8WEjQFlG5EPm1K6uTArN8LlqmZTEixDUA==",
      "hasInstallScript": true
    },
    "node_modules/uni-simple-router": {
      "version": "2.0.8-beta.3",
      "resolved": "https://registry.npmmirror.com/uni-simple-router/-/uni-simple-router-2.0.8-beta.3.tgz",
      "integrity": "sha512-Aiw9O7TzATZ0BH9e6p0hJsVy8K1lYjf3P9QMmskNqJaOh9jltCaurrw/dJZ7xUMGVu/K3XP1MxOotBAUjsiUZg=="
    },
    "node_modules/vue": {
      "version": "2.6.14",
      "resolved": "https://registry.npmmirror.com/vue/-/vue-2.6.14.tgz",
      "integrity": "sha512-x2284lgYvjOMj3Za7kqzRcUSxBboHqtgRE2zlos1qWaOye5yUmHn42LB1250NJBLRwEcdrB0JRwyPTEPhfQjiQ==",
      "dev": true
    }
  },
  "dependencies": {
    "@types/html5plus": {
      "version": "1.0.2",
      "resolved": "https://registry.npmmirror.com/@types/html5plus/-/html5plus-1.0.2.tgz",
      "integrity": "sha512-OklP5lrmLq8/6TUOLgWc0LndUVvAiTWX5dnyoCFhIUtFW9opWsnCtG/UxPgeuC28Rv2XNbFfft/hEEI39P/4Ag==",
      "dev": true
    },
    "@types/uni-app": {
      "version": "1.4.4",
      "resolved": "https://registry.npmmirror.com/@types/uni-app/-/uni-app-1.4.4.tgz",
      "integrity": "sha512-ZTXnrCTblZyoLIoKbTv1Whz1nxrTcM7vg0qGXzDpXP8m9MqdjKt48N3FffQT1IsJWNkxbvJ1Eg5UHDaq+k+oBQ==",
      "dev": true,
      "requires": {
        "vue": "^2.6.8"
      }
    },
    "uni-read-pages": {
      "version": "1.0.5",
      "resolved": "https://registry.npmmirror.com/uni-read-pages/-/uni-read-pages-1.0.5.tgz",
      "integrity": "sha512-GkrrZ0LX0vn9R5k6RKEi0Ez3Q3e2vUpjXQ8Z6/K/d28KudI9ajqgt8WEjQFlG5EPm1K6uTArN8LlqmZTEixDUA=="
    },
    "uni-simple-router": {
      "version": "2.0.8-beta.3",
      "resolved": "https://registry.npmmirror.com/uni-simple-router/-/uni-simple-router-2.0.8-beta.3.tgz",
      "integrity": "sha512-Aiw9O7TzATZ0BH9e6p0hJsVy8K1lYjf3P9QMmskNqJaOh9jltCaurrw/dJZ7xUMGVu/K3XP1MxOotBAUjsiUZg=="
    },
    "vue": {
      "version": "2.6.14",
      "resolved": "https://registry.npmmirror.com/vue/-/vue-2.6.14.tgz",
      "integrity": "sha512-x2284lgYvjOMj3Za7kqzRcUSxBboHqtgRE2zlos1qWaOye5yUmHn42LB1250NJBLRwEcdrB0JRwyPTEPhfQjiQ==",
      "dev": true
    }
  }
}
